// !$*UTF8*$!
{
	archiveVersion = 1;
	classes = {
	};
	objectVersion = 56;
	objects = {

/* Begin PBXBuildFile section */
		4DE88A60C41BFC5067AC259C /* Pods_planIt.framework in Frameworks */ = {isa = PBXBuildFile; fileRef = 24E9681E9B16699643DFCE86 /* Pods_planIt.framework */; };
		6E013B052AE1C57F00590A1F /* planItApp.swift in Sources */ = {isa = PBXBuildFile; fileRef = 6E013B042AE1C57F00590A1F /* planItApp.swift */; };
		6E013B092AE1C58100590A1F /* Assets.xcassets in Resources */ = {isa = PBXBuildFile; fileRef = 6E013B082AE1C58100590A1F /* Assets.xcassets */; };
		6E013B0C2AE1C58100590A1F /* Preview Assets.xcassets in Resources */ = {isa = PBXBuildFile; fileRef = 6E013B0B2AE1C58100590A1F /* Preview Assets.xcassets */; };
		6E013B182AE1C6F700590A1F /* ItemModel.swift in Sources */ = {isa = PBXBuildFile; fileRef = 6E013B172AE1C6F700590A1F /* ItemModel.swift */; };
		6E013B1A2AE1C74200590A1F /* ListView.swift in Sources */ = {isa = PBXBuildFile; fileRef = 6E013B192AE1C74200590A1F /* ListView.swift */; };
		6E013B1C2AE1C78700590A1F /* ListRowView.swift in Sources */ = {isa = PBXBuildFile; fileRef = 6E013B1B2AE1C78700590A1F /* ListRowView.swift */; };
		6E013B1E2AE1C79800590A1F /* AddView.swift in Sources */ = {isa = PBXBuildFile; fileRef = 6E013B1D2AE1C79800590A1F /* AddView.swift */; };
		6E013B202AE1C81B00590A1F /* ListViewModel.swift in Sources */ = {isa = PBXBuildFile; fileRef = 6E013B1F2AE1C81B00590A1F /* ListViewModel.swift */; };
		6E4B68932AE2732D0064EA7A /* cgpt.swift in Sources */ = {isa = PBXBuildFile; fileRef = 6E4B68922AE2732D0064EA7A /* cgpt.swift */; };
		6E8CF53E2AEE8FD900A30ACA /* NoItemView.swift in Sources */ = {isa = PBXBuildFile; fileRef = 6E8CF53D2AEE8FD900A30ACA /* NoItemView.swift */; };
		6E8CF5402AEE9CED00A30ACA /* LaunchScreen.storyboard in Resources */ = {isa = PBXBuildFile; fileRef = 6E8CF53F2AEE9CED00A30ACA /* LaunchScreen.storyboard */; };
/* End PBXBuildFile section */

/* Begin PBXFileReference section */
		24E9681E9B16699643DFCE86 /* Pods_planIt.framework */ = {isa = PBXFileReference; explicitFileType = wrapper.framework; includeInIndex = 0; path = Pods_planIt.framework; sourceTree = BUILT_PRODUCTS_DIR; };
		3A3721FFCD26FF4B9E43DD4F /* Pods-planIt.release.xcconfig */ = {isa = PBXFileReference; includeInIndex = 1; lastKnownFileType = text.xcconfig; name = "Pods-planIt.release.xcconfig"; path = "Target Support Files/Pods-planIt/Pods-planIt.release.xcconfig"; sourceTree = "<group>"; };
		3D567C4200B07D7ACC85A7F2 /* Pods-planIt.debug.xcconfig */ = {isa = PBXFileReference; includeInIndex = 1; lastKnownFileType = text.xcconfig; name = "Pods-planIt.debug.xcconfig"; path = "Target Support Files/Pods-planIt/Pods-planIt.debug.xcconfig"; sourceTree = "<group>"; };
		6E013B012AE1C57F00590A1F /* planIt.app */ = {isa = PBXFileReference; explicitFileType = wrapper.application; includeInIndex = 0; path = planIt.app; sourceTree = BUILT_PRODUCTS_DIR; };
		6E013B042AE1C57F00590A1F /* planItApp.swift */ = {isa = PBXFileReference; lastKnownFileType = sourcecode.swift; path = planItApp.swift; sourceTree = "<group>"; };
		6E013B082AE1C58100590A1F /* Assets.xcassets */ = {isa = PBXFileReference; lastKnownFileType = folder.assetcatalog; path = Assets.xcassets; sourceTree = "<group>"; };
		6E013B0B2AE1C58100590A1F /* Preview Assets.xcassets */ = {isa = PBXFileReference; lastKnownFileType = folder.assetcatalog; path = "Preview Assets.xcassets"; sourceTree = "<group>"; };
		6E013B172AE1C6F700590A1F /* ItemModel.swift */ = {isa = PBXFileReference; lastKnownFileType = sourcecode.swift; path = ItemModel.swift; sourceTree = "<group>"; };
		6E013B192AE1C74200590A1F /* ListView.swift */ = {isa = PBXFileReference; lastKnownFileType = sourcecode.swift; path = ListView.swift; sourceTree = "<group>"; };
		6E013B1B2AE1C78700590A1F /* ListRowView.swift */ = {isa = PBXFileReference; lastKnownFileType = sourcecode.swift; path = ListRowView.swift; sourceTree = "<group>"; };
		6E013B1D2AE1C79800590A1F /* AddView.swift */ = {isa = PBXFileReference; lastKnownFileType = sourcecode.swift; path = AddView.swift; sourceTree = "<group>"; };
		6E013B1F2AE1C81B00590A1F /* ListViewModel.swift */ = {isa = PBXFileReference; lastKnownFileType = sourcecode.swift; path = ListViewModel.swift; sourceTree = "<group>"; };
		6E4B68922AE2732D0064EA7A /* cgpt.swift */ = {isa = PBXFileReference; lastKnownFileType = sourcecode.swift; path = cgpt.swift; sourceTree = "<group>"; };
		6E8CF53D2AEE8FD900A30ACA /* NoItemView.swift */ = {isa = PBXFileReference; lastKnownFileType = sourcecode.swift; path = NoItemView.swift; sourceTree = "<group>"; };
		6E8CF53F2AEE9CED00A30ACA /* LaunchScreen.storyboard */ = {isa = PBXFileReference; lastKnownFileType = file.storyboard; path = LaunchScreen.storyboard; sourceTree = "<group>"; };
/* End PBXFileReference section */

/* Begin PBXFrameworksBuildPhase section */
		6E013AFE2AE1C57F00590A1F /* Frameworks */ = {
			isa = PBXFrameworksBuildPhase;
			buildActionMask = 2147483647;
			files = (
				4DE88A60C41BFC5067AC259C /* Pods_planIt.framework in Frameworks */,
			);
			runOnlyForDeploymentPostprocessing = 0;
		};
/* End PBXFrameworksBuildPhase section */

/* Begin PBXGroup section */
		64162730689E0DE22D2A34B4 /* Pods */ = {
			isa = PBXGroup;
			children = (
				3D567C4200B07D7ACC85A7F2 /* Pods-planIt.debug.xcconfig */,
				3A3721FFCD26FF4B9E43DD4F /* Pods-planIt.release.xcconfig */,
			);
			path = Pods;
			sourceTree = "<group>";
		};
		6E013AF82AE1C57F00590A1F = {
			isa = PBXGroup;
			children = (
				6E013B032AE1C57F00590A1F /* planIt */,
				6E013B022AE1C57F00590A1F /* Products */,
				64162730689E0DE22D2A34B4 /* Pods */,
				82C0FB5E30ACDA13AC8CF4C6 /* Frameworks */,
			);
			sourceTree = "<group>";
		};
		6E013B022AE1C57F00590A1F /* Products */ = {
			isa = PBXGroup;
			children = (
				6E013B012AE1C57F00590A1F /* planIt.app */,
			);
			name = Products;
			sourceTree = "<group>";
		};
		6E013B032AE1C57F00590A1F /* planIt */ = {
			isa = PBXGroup;
			children = (
				6E013B042AE1C57F00590A1F /* planItApp.swift */,
				6E013B122AE1C5E900590A1F /* Views */,
				6E013B142AE1C62500590A1F /* ViewModel */,
				6E013B132AE1C60400590A1F /* Models */,
				6E013B082AE1C58100590A1F /* Assets.xcassets */,
				6E013B0A2AE1C58100590A1F /* Preview Content */,
				6E4B68922AE2732D0064EA7A /* cgpt.swift */,
			);
			path = planIt;
			sourceTree = "<group>";
		};
		6E013B0A2AE1C58100590A1F /* Preview Content */ = {
			isa = PBXGroup;
			children = (
				6E013B0B2AE1C58100590A1F /* Preview Assets.xcassets */,
			);
			path = "Preview Content";
			sourceTree = "<group>";
		};
		6E013B122AE1C5E900590A1F /* Views */ = {
			isa = PBXGroup;
			children = (
				6E013B192AE1C74200590A1F /* ListView.swift */,
				6E013B1B2AE1C78700590A1F /* ListRowView.swift */,
				6E013B1D2AE1C79800590A1F /* AddView.swift */,
				6E8CF53D2AEE8FD900A30ACA /* NoItemView.swift */,
				6E8CF53F2AEE9CED00A30ACA /* LaunchScreen.storyboard */,
			);
			path = Views;
			sourceTree = "<group>";
		};
		6E013B132AE1C60400590A1F /* Models */ = {
			isa = PBXGroup;
			children = (
				6E013B172AE1C6F700590A1F /* ItemModel.swift */,
			);
			path = Models;
			sourceTree = "<group>";
		};
		6E013B142AE1C62500590A1F /* ViewModel */ = {
			isa = PBXGroup;
			children = (
				6E013B1F2AE1C81B00590A1F /* ListViewModel.swift */,
			);
			path = ViewModel;
			sourceTree = "<group>";
		};
		82C0FB5E30ACDA13AC8CF4C6 /* Frameworks */ = {
			isa = PBXGroup;
			children = (
				24E9681E9B16699643DFCE86 /* Pods_planIt.framework */,
			);
			name = Frameworks;
			sourceTree = "<group>";
		};
/* End PBXGroup section */

/* Begin PBXNativeTarget section */
		6E013B002AE1C57F00590A1F /* planIt */ = {
			isa = PBXNativeTarget;
			buildConfigurationList = 6E013B0F2AE1C58100590A1F /* Build configuration list for PBXNativeTarget "planIt" */;
			buildPhases = (
				7944D016C10E0E394C5BC0E9 /* [CP] Check Pods Manifest.lock */,
				6E013AFD2AE1C57F00590A1F /* Sources */,
				6E013AFE2AE1C57F00590A1F /* Frameworks */,
				6E013AFF2AE1C57F00590A1F /* Resources */,
				E9F550C166584872CF2BF968 /* [CP] Embed Pods Frameworks */,
			);
			buildRules = (
			);
			dependencies = (
			);
			name = planIt;
			productName = planIt;
			productReference = 6E013B012AE1C57F00590A1F /* planIt.app */;
			productType = "com.apple.product-type.application";
		};
/* End PBXNativeTarget section */

/* Begin PBXProject section */
		6E013AF92AE1C57F00590A1F /* Project object */ = {
			isa = PBXProject;
			attributes = {
				BuildIndependentTargetsInParallel = 1;
				LastSwiftUpdateCheck = 1410;
				LastUpgradeCheck = 1410;
				TargetAttributes = {
					6E013B002AE1C57F00590A1F = {
						CreatedOnToolsVersion = 14.1;
					};
				};
			};
			buildConfigurationList = 6E013AFC2AE1C57F00590A1F /* Build configuration list for PBXProject "planIt" */;
			compatibilityVersion = "Xcode 14.0";
			developmentRegion = en;
			hasScannedForEncodings = 0;
			knownRegions = (
				en,
				Base,
			);
			mainGroup = 6E013AF82AE1C57F00590A1F;
			productRefGroup = 6E013B022AE1C57F00590A1F /* Products */;
			projectDirPath = "";
			projectRoot = "";
			targets = (
				6E013B002AE1C57F00590A1F /* planIt */,
			);
		};
/* End PBXProject section */

/* Begin PBXResourcesBuildPhase section */
		6E013AFF2AE1C57F00590A1F /* Resources */ = {
			isa = PBXResourcesBuildPhase;
			buildActionMask = 2147483647;
			files = (
				6E8CF5402AEE9CED00A30ACA /* LaunchScreen.storyboard in Resources */,
				6E013B0C2AE1C58100590A1F /* Preview Assets.xcassets in Resources */,
				6E013B092AE1C58100590A1F /* Assets.xcassets in Resources */,
			);
			runOnlyForDeploymentPostprocessing = 0;
		};
/* End PBXResourcesBuildPhase section */

/* Begin PBXShellScriptBuildPhase section */
		7944D016C10E0E394C5BC0E9 /* [CP] Check Pods Manifest.lock */ = {
			isa = PBXShellScriptBuildPhase;
			buildActionMask = 2147483647;
			files = (
			);
			inputFileListPaths = (
			);
			inputPaths = (
				"${PODS_PODFILE_DIR_PATH}/Podfile.lock",
				"${PODS_ROOT}/Manifest.lock",
			);
			name = "[CP] Check Pods Manifest.lock";
			outputFileListPaths = (
			);
			outputPaths = (
				"$(DERIVED_FILE_DIR)/Pods-planIt-checkManifestLockResult.txt",
			);
			runOnlyForDeploymentPostprocessing = 0;
			shellPath = /bin/sh;
			shellScript = "diff \"${PODS_PODFILE_DIR_PATH}/Podfile.lock\" \"${PODS_ROOT}/Manifest.lock\" > /dev/null\nif [ $? != 0 ] ; then\n    # print error to STDERR\n    echo \"error: The sandbox is not in sync with the Podfile.lock. Run 'pod install' or update your CocoaPods installation.\" >&2\n    exit 1\nfi\n# This output is used by Xcode 'outputs' to avoid re-running this script phase.\necho \"SUCCESS\" > \"${SCRIPT_OUTPUT_FILE_0}\"\n";
			showEnvVarsInLog = 0;
		};
		E9F550C166584872CF2BF968 /* [CP] Embed Pods Frameworks */ = {
			isa = PBXShellScriptBuildPhase;
			buildActionMask = 2147483647;
			files = (
			);
			inputFileListPaths = (
				"${PODS_ROOT}/Target Support Files/Pods-planIt/Pods-planIt-frameworks-${CONFIGURATION}-input-files.xcfilelist",
			);
			name = "[CP] Embed Pods Frameworks";
			outputFileListPaths = (
				"${PODS_ROOT}/Target Support Files/Pods-planIt/Pods-planIt-frameworks-${CONFIGURATION}-output-files.xcfilelist",
			);
			runOnlyForDeploymentPostprocessing = 0;
			shellPath = /bin/sh;
			shellScript = "\"${PODS_ROOT}/Target Support Files/Pods-planIt/Pods-planIt-frameworks.sh\"\n";
			showEnvVarsInLog = 0;
		};
/* End PBXShellScriptBuildPhase section */

/* Begin PBXSourcesBuildPhase section */
		6E013AFD2AE1C57F00590A1F /* Sources */ = {
			isa = PBXSourcesBuildPhase;
			buildActionMask = 2147483647;
			files = (
				6E013B1A2AE1C74200590A1F /* ListView.swift in Sources */,
				6E013B182AE1C6F700590A1F /* ItemModel.swift in Sources */,
				6E8CF53E2AEE8FD900A30ACA /* NoItemView.swift in Sources */,
				6E013B202AE1C81B00590A1F /* ListViewModel.swift in Sources */,
				6E013B1E2AE1C79800590A1F /* AddView.swift in Sources */,
				6E013B052AE1C57F00590A1F /* planItApp.swift in Sources */,
				6E013B1C2AE1C78700590A1F /* ListRowView.swift in Sources */,
				6E4B68932AE2732D0064EA7A /* cgpt.swift in Sources */,
			);
			runOnlyForDeploymentPostprocessing = 0;
		};
/* End PBXSourcesBuildPhase section */

/* Begin XCBuildConfiguration section */
		6E013B0D2AE1C58100590A1F /* Debug */ = {
			isa = XCBuildConfiguration;
			buildSettings = {
				ALWAYS_SEARCH_USER_PATHS = NO;
				CLANG_ANALYZER_NONNULL = YES;
				CLANG_ANALYZER_NUMBER_OBJECT_CONVERSION = YES_AGGRESSIVE;
				CLANG_CXX_LANGUAGE_STANDARD = "gnu++20";
				CLANG_ENABLE_MODULES = YES;
				CLANG_ENABLE_OBJC_ARC = YES;
				CLANG_ENABLE_OBJC_WEAK = YES;
				CLANG_WARN_BLOCK_CAPTURE_AUTORELEASING = YES;
				CLANG_WARN_BOOL_CONVERSION = YES;
				CLANG_WARN_COMMA = YES;
				CLANG_WARN_CONSTANT_CONVERSION = YES;
				CLANG_WARN_DEPRECATED_OBJC_IMPLEMENTATIONS = YES;
				CLANG_WARN_DIRECT_OBJC_ISA_USAGE = YES_ERROR;
				CLANG_WARN_DOCUMENTATION_COMMENTS = YES;
				CLANG_WARN_EMPTY_BODY = YES;
				CLANG_WARN_ENUM_CONVERSION = YES;
				CLANG_WARN_INFINITE_RECURSION = YES;
				CLANG_WARN_INT_CONVERSION = YES;
				CLANG_WARN_NON_LITERAL_NULL_CONVERSION = YES;
				CLANG_WARN_OBJC_IMPLICIT_RETAIN_SELF = YES;
				CLANG_WARN_OBJC_LITERAL_CONVERSION = YES;
				CLANG_WARN_OBJC_ROOT_CLASS = YES_ERROR;
				CLANG_WARN_QUOTED_INCLUDE_IN_FRAMEWORK_HEADER = YES;
				CLANG_WARN_RANGE_LOOP_ANALYSIS = YES;
				CLANG_WARN_STRICT_PROTOTYPES = YES;
				CLANG_WARN_SUSPICIOUS_MOVE = YES;
				CLANG_WARN_UNGUARDED_AVAILABILITY = YES_AGGRESSIVE;
				CLANG_WARN_UNREACHABLE_CODE = YES;
				CLANG_WARN__DUPLICATE_METHOD_MATCH = YES;
				COPY_PHASE_STRIP = NO;
				DEBUG_INFORMATION_FORMAT = dwarf;
				ENABLE_STRICT_OBJC_MSGSEND = YES;
				ENABLE_TESTABILITY = YES;
				GCC_C_LANGUAGE_STANDARD = gnu11;
				GCC_DYNAMIC_NO_PIC = NO;
				GCC_NO_COMMON_BLOCKS = YES;
				GCC_OPTIMIZATION_LEVEL = 0;
				GCC_PREPROCESSOR_DEFINITIONS = (
					"DEBUG=1",
					"$(inherited)",
				);
				GCC_WARN_64_TO_32_BIT_CONVERSION = YES;
				GCC_WARN_ABOUT_RETURN_TYPE = YES_ERROR;
				GCC_WARN_UNDECLARED_SELECTOR = YES;
				GCC_WARN_UNINITIALIZED_AUTOS = YES_AGGRESSIVE;
				GCC_WARN_UNUSED_FUNCTION = YES;
				GCC_WARN_UNUSED_VARIABLE = YES;
				IPHONEOS_DEPLOYMENT_TARGET = 16.1;
				MTL_ENABLE_DEBUG_INFO = INCLUDE_SOURCE;
				MTL_FAST_MATH = YES;
				ONLY_ACTIVE_ARCH = YES;
				SDKROOT = iphoneos;
				SWIFT_ACTIVE_COMPILATION_CONDITIONS = DEBUG;
				SWIFT_OPTIMIZATION_LEVEL = "-Onone";
			};
			name = Debug;
		};
		6E013B0E2AE1C58100590A1F /* Release */ = {
			isa = XCBuildConfiguration;
			buildSettings = {
				ALWAYS_SEARCH_USER_PATHS = NO;
				CLANG_ANALYZER_NONNULL = YES;
				CLANG_ANALYZER_NUMBER_OBJECT_CONVERSION = YES_AGGRESSIVE;
				CLANG_CXX_LANGUAGE_STANDARD = "gnu++20";
				CLANG_ENABLE_MODULES = YES;
				CLANG_ENABLE_OBJC_ARC = YES;
				CLANG_ENABLE_OBJC_WEAK = YES;
				CLANG_WARN_BLOCK_CAPTURE_AUTORELEASING = YES;
				CLANG_WARN_BOOL_CONVERSION = YES;
				CLANG_WARN_COMMA = YES;
				CLANG_WARN_CONSTANT_CONVERSION = YES;
				CLANG_WARN_DEPRECATED_OBJC_IMPLEMENTATIONS = YES;
				CLANG_WARN_DIRECT_OBJC_ISA_USAGE = YES_ERROR;
				CLANG_WARN_DOCUMENTATION_COMMENTS = YES;
				CLANG_WARN_EMPTY_BODY = YES;
				CLANG_WARN_ENUM_CONVERSION = YES;
				CLANG_WARN_INFINITE_RECURSION = YES;
				CLANG_WARN_INT_CONVERSION = YES;
				CLANG_WARN_NON_LITERAL_NULL_CONVERSION = YES;
				CLANG_WARN_OBJC_IMPLICIT_RETAIN_SELF = YES;
				CLANG_WARN_OBJC_LITERAL_CONVERSION = YES;
				CLANG_WARN_OBJC_ROOT_CLASS = YES_ERROR;
				CLANG_WARN_QUOTED_INCLUDE_IN_FRAMEWORK_HEADER = YES;
				CLANG_WARN_RANGE_LOOP_ANALYSIS = YES;
				CLANG_WARN_STRICT_PROTOTYPES = YES;
				CLANG_WARN_SUSPICIOUS_MOVE = YES;
				CLANG_WARN_UNGUARDED_AVAILABILITY = YES_AGGRESSIVE;
				CLANG_WARN_UNREACHABLE_CODE = YES;
				CLANG_WARN__DUPLICATE_METHOD_MATCH = YES;
				COPY_PHASE_STRIP = NO;
				DEBUG_INFORMATION_FORMAT = "dwarf-with-dsym";
				ENABLE_NS_ASSERTIONS = NO;
				ENABLE_STRICT_OBJC_MSGSEND = YES;
				GCC_C_LANGUAGE_STANDARD = gnu11;
				GCC_NO_COMMON_BLOCKS = YES;
				GCC_WARN_64_TO_32_BIT_CONVERSION = YES;
				GCC_WARN_ABOUT_RETURN_TYPE = YES_ERROR;
				GCC_WARN_UNDECLARED_SELECTOR = YES;
				GCC_WARN_UNINITIALIZED_AUTOS = YES_AGGRESSIVE;
				GCC_WARN_UNUSED_FUNCTION = YES;
				GCC_WARN_UNUSED_VARIABLE = YES;
				IPHONEOS_DEPLOYMENT_TARGET = 16.1;
				MTL_ENABLE_DEBUG_INFO = NO;
				MTL_FAST_MATH = YES;
				SDKROOT = iphoneos;
				SWIFT_COMPILATION_MODE = wholemodule;
				SWIFT_OPTIMIZATION_LEVEL = "-O";
				VALIDATE_PRODUCT = YES;
			};
			name = Release;
		};
		6E013B102AE1C58100590A1F /* Debug */ = {
			isa = XCBuildConfiguration;
			baseConfigurationReference = 3D567C4200B07D7ACC85A7F2 /* Pods-planIt.debug.xcconfig */;
			buildSettings = {
				ASSETCATALOG_COMPILER_APPICON_NAME = AppIcon;
				ASSETCATALOG_COMPILER_GLOBAL_ACCENT_COLOR_NAME = AccentColor;
				CODE_SIGN_STYLE = Automatic;
				CURRENT_PROJECT_VERSION = 1;
				DEVELOPMENT_ASSET_PATHS = "\"planIt/Preview Content\"";
				ENABLE_PREVIEWS = YES;
				GENERATE_INFOPLIST_FILE = YES;
				INFOPLIST_KEY_UIApplicationSceneManifest_Generation = YES;
				INFOPLIST_KEY_UIApplicationSupportsIndirectInputEvents = YES;
				INFOPLIST_KEY_UILaunchScreen_Generation = YES;
				INFOPLIST_KEY_UISupportedInterfaceOrientations_iPad = "UIInterfaceOrientationPortrait UIInterfaceOrientationPortraitUpsideDown UIInterfaceOrientationLandscapeLeft UIInterfaceOrientationLandscapeRight";
				INFOPLIST_KEY_UISupportedInterfaceOrientations_iPhone = "UIInterfaceOrientationPortrait UIInterfaceOrientationLandscapeLeft UIInterfaceOrientationLandscapeRight";
				LD_RUNPATH_SEARCH_PATHS = (
					"$(inherited)",
					"@executable_path/Frameworks",
				);
				MARKETING_VERSION = 1.0;
				PRODUCT_BUNDLE_IDENTIFIER = com.sinavn.planIt;
				PRODUCT_NAME = "$(TARGET_NAME)";
				SWIFT_EMIT_LOC_STRINGS = YES;
				SWIFT_VERSION = 5.0;
				TARGETED_DEVICE_FAMILY = "1,2";
			};
			name = Debug;
		};
		6E013B112AE1C58100590A1F /* Release */ = {
			isa = XCBuildConfiguration;
			baseConfigurationReference = 3A3721FFCD26FF4B9E43DD4F /* Pods-planIt.release.xcconfig */;
			buildSettings = {
				ASSETCATALOG_COMPILER_APPICON_NAME = AppIcon;
				ASSETCATALOG_COMPILER_GLOBAL_ACCENT_COLOR_NAME = AccentColor;
				CODE_SIGN_STYLE = Automatic;
				CURRENT_PROJECT_VERSION = 1;
				DEVELOPMENT_ASSET_PATHS = "\"planIt/Preview Content\"";
				ENABLE_PREVIEWS = YES;
				GENERATE_INFOPLIST_FILE = YES;
				INFOPLIST_KEY_UIApplicationSceneManifest_Generation = YES;
				INFOPLIST_KEY_UIApplicationSupportsIndirectInputEvents = YES;
				INFOPLIST_KEY_UILaunchScreen_Generation = YES;
				INFOPLIST_KEY_UISupportedInterfaceOrientations_iPad = "UIInterfaceOrientationPortrait UIInterfaceOrientationPortraitUpsideDown UIInterfaceOrientationLandscapeLeft UIInterfaceOrientationLandscapeRight";
				INFOPLIST_KEY_UISupportedInterfaceOrientations_iPhone = "UIInterfaceOrientationPortrait UIInterfaceOrientationLandscapeLeft UIInterfaceOrientationLandscapeRight";
				LD_RUNPATH_SEARCH_PATHS = (
					"$(inherited)",
					"@executable_path/Frameworks",
				);
				MARKETING_VERSION = 1.0;
				PRODUCT_BUNDLE_IDENTIFIER = com.sinavn.planIt;
				PRODUCT_NAME = "$(TARGET_NAME)";
				SWIFT_EMIT_LOC_STRINGS = YES;
				SWIFT_VERSION = 5.0;
				TARGETED_DEVICE_FAMILY = "1,2";
			};
			name = Release;
		};
/* End XCBuildConfiguration section */

/* Begin XCConfigurationList section */
		6E013AFC2AE1C57F00590A1F /* Build configuration list for PBXProject "planIt" */ = {
			isa = XCConfigurationList;
			buildConfigurations = (
				6E013B0D2AE1C58100590A1F /* Debug */,
				6E013B0E2AE1C58100590A1F /* Release */,
			);
			defaultConfigurationIsVisible = 0;
			defaultConfigurationName = Release;
		};
		6E013B0F2AE1C58100590A1F /* Build configuration list for PBXNativeTarget "planIt" */ = {
			isa = XCConfigurationList;
			buildConfigurations = (
				6E013B102AE1C58100590A1F /* Debug */,
				6E013B112AE1C58100590A1F /* Release */,
			);
			defaultConfigurationIsVisible = 0;
			defaultConfigurationName = Release;
		};
/* End XCConfigurationList section */
	};
	rootObject = 6E013AF92AE1C57F00590A1F /* Project object */;
}
